
Microsoft Visual Studio Solution File, Format Version 12.00
# Visual Studio Version 16
VisualStudioVersion = 16.0.31727.386
MinimumVisualStudioVersion = 10.0.40219.1
Project("{9A19103F-16F7-4668-BE54-9A1E7A4F7556}") = "03.PhoneShope", "03.Phone\03.PhoneShope.csproj", "{103B6475-C67A-42ED-A68C-85D963AFAB6B}"
EndProject
Project("{9A19103F-16F7-4668-BE54-9A1E7A4F7556}") = "01.BiscuitFactory", "04.Bis\01.BiscuitFactory.csproj", "{FC7BE4C7-F62B-4953-B95D-974A3A9334E8}"
EndProject
Project("{9A19103F-16F7-4668-BE54-9A1E7A4F7556}") = "02.CoffeeLover", "06.Coffee\02.CoffeeLover.csproj", "{E809D325-14CF-48BE-B3FF-918F6A16C3AE}"
EndProject
Project("{9A19103F-16F7-4668-BE54-9A1E7A4F7556}") = "04.TheHuntingGames", "04.TheHuntingGames\04.TheHuntingGames.csproj", "{615816B7-FEEC-4475-9425-7057BAF7404F}"
EndProject
Project("{9A19103F-16F7-4668-BE54-9A1E7A4F7556}") = "05.Numbers", "05.Numbers\05.Numbers.csproj", "{D0FF8AE7-DFC7-4003-861C-A6EA935388D7}"
EndProject
Project("{9A19103F-16F7-4668-BE54-9A1E7A4F7556}") = "06.SchoolLibrary", "06.SchoolLibrary\06.SchoolLibrary.csproj", "{AB50D34C-14D4-4759-BB37-5512B072692F}"
EndProject
Project("{FAE04EC0-301F-11D3-BF4B-00C04F79EFBC}") = "07.DeckOfCards", "07.DeckOfCards\07.DeckOfCards.csproj", "{8C6B9379-655B-4E04-A44C-E90201A6A3CA}"
EndProject
Project("{FAE04EC0-301F-11D3-BF4B-00C04F79EFBC}") = "08.ChatLogger", "08.ChatLogger\08.ChatLogger.csproj", "{A3F1CE46-0CE2-4D98-AB5C-26FA6C53F7FE}"
EndProject
Project("{FAE04EC0-301F-11D3-BF4B-00C04F79EFBC}") = "09.BurgerBus", "09.BurgerBus\09.BurgerBus.csproj", "{FD3DDD17-03DB-4FF4-BA11-89F5EE22DD8F}"
EndProject
Project("{FAE04EC0-301F-11D3-BF4B-00C04F79EFBC}") = "10.ExperienceGaining", "10.ExperienceGaining\10.ExperienceGaining.csproj", "{9CEA1C16-42D4-4B82-9760-FD4B29C72B23}"
EndProject
Global
	GlobalSection(SolutionConfigurationPlatforms) = preSolution
		Debug|Any CPU = Debug|Any CPU
		Release|Any CPU = Release|Any CPU
	EndGlobalSection
	GlobalSection(ProjectConfigurationPlatforms) = postSolution
		{103B6475-C67A-42ED-A68C-85D963AFAB6B}.Debug|Any CPU.ActiveCfg = Debug|Any CPU
		{103B6475-C67A-42ED-A68C-85D963AFAB6B}.Debug|Any CPU.Build.0 = Debug|Any CPU
		{103B6475-C67A-42ED-A68C-85D963AFAB6B}.Release|Any CPU.ActiveCfg = Release|Any CPU
		{103B6475-C67A-42ED-A68C-85D963AFAB6B}.Release|Any CPU.Build.0 = Release|Any CPU
		{FC7BE4C7-F62B-4953-B95D-974A3A9334E8}.Debug|Any CPU.ActiveCfg = Debug|Any CPU
		{FC7BE4C7-F62B-4953-B95D-974A3A9334E8}.Debug|Any CPU.Build.0 = Debug|Any CPU
		{FC7BE4C7-F62B-4953-B95D-974A3A9334E8}.Release|Any CPU.ActiveCfg = Release|Any CPU
		{FC7BE4C7-F62B-4953-B95D-974A3A9334E8}.Release|Any CPU.Build.0 = Release|Any CPU
		{E809D325-14CF-48BE-B3FF-918F6A16C3AE}.Debug|Any CPU.ActiveCfg = Debug|Any CPU
		{E809D325-14CF-48BE-B3FF-918F6A16C3AE}.Debug|Any CPU.Build.0 = Debug|Any CPU
		{E809D325-14CF-48BE-B3FF-918F6A16C3AE}.Release|Any CPU.ActiveCfg = Release|Any CPU
		{E809D325-14CF-48BE-B3FF-918F6A16C3AE}.Release|Any CPU.Build.0 = Release|Any CPU
		{615816B7-FEEC-4475-9425-7057BAF7404F}.Debug|Any CPU.ActiveCfg = Debug|Any CPU
		{615816B7-FEEC-4475-9425-7057BAF7404F}.Debug|Any CPU.Build.0 = Debug|Any CPU
		{615816B7-FEEC-4475-9425-7057BAF7404F}.Release|Any CPU.ActiveCfg = Release|Any CPU
		{615816B7-FEEC-4475-9425-7057BAF7404F}.Release|Any CPU.Build.0 = Release|Any CPU
		{D0FF8AE7-DFC7-4003-861C-A6EA935388D7}.Debug|Any CPU.ActiveCfg = Debug|Any CPU
		{D0FF8AE7-DFC7-4003-861C-A6EA935388D7}.Debug|Any CPU.Build.0 = Debug|Any CPU
		{D0FF8AE7-DFC7-4003-861C-A6EA935388D7}.Release|Any CPU.ActiveCfg = Release|Any CPU
		{D0FF8AE7-DFC7-4003-861C-A6EA935388D7}.Release|Any CPU.Build.0 = Release|Any CPU
		{AB50D34C-14D4-4759-BB37-5512B072692F}.Debug|Any CPU.ActiveCfg = Debug|Any CPU
		{AB50D34C-14D4-4759-BB37-5512B072692F}.Debug|Any CPU.Build.0 = Debug|Any CPU
		{AB50D34C-14D4-4759-BB37-5512B072692F}.Release|Any CPU.ActiveCfg = Release|Any CPU
		{AB50D34C-14D4-4759-BB37-5512B072692F}.Release|Any CPU.Build.0 = Release|Any CPU
		{8C6B9379-655B-4E04-A44C-E90201A6A3CA}.Debug|Any CPU.ActiveCfg = Debug|Any CPU
		{8C6B9379-655B-4E04-A44C-E90201A6A3CA}.Debug|Any CPU.Build.0 = Debug|Any CPU
		{8C6B9379-655B-4E04-A44C-E90201A6A3CA}.Release|Any CPU.ActiveCfg = Release|Any CPU
		{8C6B9379-655B-4E04-A44C-E90201A6A3CA}.Release|Any CPU.Build.0 = Release|Any CPU
		{A3F1CE46-0CE2-4D98-AB5C-26FA6C53F7FE}.Debug|Any CPU.ActiveCfg = Debug|Any CPU
		{A3F1CE46-0CE2-4D98-AB5C-26FA6C53F7FE}.Debug|Any CPU.Build.0 = Debug|Any CPU
		{A3F1CE46-0CE2-4D98-AB5C-26FA6C53F7FE}.Release|Any CPU.ActiveCfg = Release|Any CPU
		{A3F1CE46-0CE2-4D98-AB5C-26FA6C53F7FE}.Release|Any CPU.Build.0 = Release|Any CPU
		{FD3DDD17-03DB-4FF4-BA11-89F5EE22DD8F}.Debug|Any CPU.ActiveCfg = Debug|Any CPU
		{FD3DDD17-03DB-4FF4-BA11-89F5EE22DD8F}.Debug|Any CPU.Build.0 = Debug|Any CPU
		{FD3DDD17-03DB-4FF4-BA11-89F5EE22DD8F}.Release|Any CPU.ActiveCfg = Release|Any CPU
		{FD3DDD17-03DB-4FF4-BA11-89F5EE22DD8F}.Release|Any CPU.Build.0 = Release|Any CPU
		{9CEA1C16-42D4-4B82-9760-FD4B29C72B23}.Debug|Any CPU.ActiveCfg = Debug|Any CPU
		{9CEA1C16-42D4-4B82-9760-FD4B29C72B23}.Debug|Any CPU.Build.0 = Debug|Any CPU
		{9CEA1C16-42D4-4B82-9760-FD4B29C72B23}.Release|Any CPU.ActiveCfg = Release|Any CPU
		{9CEA1C16-42D4-4B82-9760-FD4B29C72B23}.Release|Any CPU.Build.0 = Release|Any CPU
	EndGlobalSection
	GlobalSection(SolutionProperties) = preSolution
		HideSolutionNode = FALSE
	EndGlobalSection
	GlobalSection(ExtensibilityGlobals) = postSolution
		SolutionGuid = {52FA8AC0-E5AD-498F-AD11-6605814326B4}
	EndGlobalSection
EndGlobal
