
Microsoft Visual Studio Solution File, Format Version 12.00
# Visual Studio Version 16
VisualStudioVersion = 16.0.31727.386
MinimumVisualStudioVersion = 10.0.40219.1
Project("{FAE04EC0-301F-11D3-BF4B-00C04F79EFBC}") = "01.SumAdjacentEqualNumbers", "01.SumAdjacentEqualNumbers\01.SumAdjacentEqualNumbers.csproj", "{4EB0BA24-5F7D-4E81-9EAA-240D52B760E0}"
EndProject
Project("{FAE04EC0-301F-11D3-BF4B-00C04F79EFBC}") = "02.Gauss'Trick", "02.Gauss'Trick\02.Gauss'Trick.csproj", "{43E5C33D-A452-4F97-B641-1E8A27E83C4F}"
EndProject
Project("{FAE04EC0-301F-11D3-BF4B-00C04F79EFBC}") = "03.MergingLists", "03.MergingLists\03.MergingLists.csproj", "{66E539AC-D1F8-433C-8094-208D31364751}"
EndProject
Project("{FAE04EC0-301F-11D3-BF4B-00C04F79EFBC}") = "04.ListOfProducts", "04.ListOfProducts\04.ListOfProducts.csproj", "{841C4299-E757-4C3C-B335-AE39161CE70C}"
EndProject
Project("{FAE04EC0-301F-11D3-BF4B-00C04F79EFBC}") = "05.RemoveNegativesAndReverse", "05.RemoveNegativesAndReverse\05.RemoveNegativesAndReverse.csproj", "{B0B7F702-C7E7-4BAB-A76D-413B2AE7FBD5}"
EndProject
Project("{FAE04EC0-301F-11D3-BF4B-00C04F79EFBC}") = "06.ListManipulationBasics", "06.ListManipulationBasics\06.ListManipulationBasics.csproj", "{BE8627EC-C63A-4A66-B6DD-5CE9CE8BF202}"
EndProject
Project("{FAE04EC0-301F-11D3-BF4B-00C04F79EFBC}") = "07.ListManipulationAdvanced", "07.ListManipulationAdvanced\07.ListManipulationAdvanced.csproj", "{732D91F3-B177-41FD-8C03-4DBB9B39D7AD}"
EndProject
Global
	GlobalSection(SolutionConfigurationPlatforms) = preSolution
		Debug|Any CPU = Debug|Any CPU
		Release|Any CPU = Release|Any CPU
	EndGlobalSection
	GlobalSection(ProjectConfigurationPlatforms) = postSolution
		{4EB0BA24-5F7D-4E81-9EAA-240D52B760E0}.Debug|Any CPU.ActiveCfg = Debug|Any CPU
		{4EB0BA24-5F7D-4E81-9EAA-240D52B760E0}.Debug|Any CPU.Build.0 = Debug|Any CPU
		{4EB0BA24-5F7D-4E81-9EAA-240D52B760E0}.Release|Any CPU.ActiveCfg = Release|Any CPU
		{4EB0BA24-5F7D-4E81-9EAA-240D52B760E0}.Release|Any CPU.Build.0 = Release|Any CPU
		{43E5C33D-A452-4F97-B641-1E8A27E83C4F}.Debug|Any CPU.ActiveCfg = Debug|Any CPU
		{43E5C33D-A452-4F97-B641-1E8A27E83C4F}.Debug|Any CPU.Build.0 = Debug|Any CPU
		{43E5C33D-A452-4F97-B641-1E8A27E83C4F}.Release|Any CPU.ActiveCfg = Release|Any CPU
		{43E5C33D-A452-4F97-B641-1E8A27E83C4F}.Release|Any CPU.Build.0 = Release|Any CPU
		{66E539AC-D1F8-433C-8094-208D31364751}.Debug|Any CPU.ActiveCfg = Debug|Any CPU
		{66E539AC-D1F8-433C-8094-208D31364751}.Debug|Any CPU.Build.0 = Debug|Any CPU
		{66E539AC-D1F8-433C-8094-208D31364751}.Release|Any CPU.ActiveCfg = Release|Any CPU
		{66E539AC-D1F8-433C-8094-208D31364751}.Release|Any CPU.Build.0 = Release|Any CPU
		{841C4299-E757-4C3C-B335-AE39161CE70C}.Debug|Any CPU.ActiveCfg = Debug|Any CPU
		{841C4299-E757-4C3C-B335-AE39161CE70C}.Debug|Any CPU.Build.0 = Debug|Any CPU
		{841C4299-E757-4C3C-B335-AE39161CE70C}.Release|Any CPU.ActiveCfg = Release|Any CPU
		{841C4299-E757-4C3C-B335-AE39161CE70C}.Release|Any CPU.Build.0 = Release|Any CPU
		{B0B7F702-C7E7-4BAB-A76D-413B2AE7FBD5}.Debug|Any CPU.ActiveCfg = Debug|Any CPU
		{B0B7F702-C7E7-4BAB-A76D-413B2AE7FBD5}.Debug|Any CPU.Build.0 = Debug|Any CPU
		{B0B7F702-C7E7-4BAB-A76D-413B2AE7FBD5}.Release|Any CPU.ActiveCfg = Release|Any CPU
		{B0B7F702-C7E7-4BAB-A76D-413B2AE7FBD5}.Release|Any CPU.Build.0 = Release|Any CPU
		{BE8627EC-C63A-4A66-B6DD-5CE9CE8BF202}.Debug|Any CPU.ActiveCfg = Debug|Any CPU
		{BE8627EC-C63A-4A66-B6DD-5CE9CE8BF202}.Debug|Any CPU.Build.0 = Debug|Any CPU
		{BE8627EC-C63A-4A66-B6DD-5CE9CE8BF202}.Release|Any CPU.ActiveCfg = Release|Any CPU
		{BE8627EC-C63A-4A66-B6DD-5CE9CE8BF202}.Release|Any CPU.Build.0 = Release|Any CPU
		{732D91F3-B177-41FD-8C03-4DBB9B39D7AD}.Debug|Any CPU.ActiveCfg = Debug|Any CPU
		{732D91F3-B177-41FD-8C03-4DBB9B39D7AD}.Debug|Any CPU.Build.0 = Debug|Any CPU
		{732D91F3-B177-41FD-8C03-4DBB9B39D7AD}.Release|Any CPU.ActiveCfg = Release|Any CPU
		{732D91F3-B177-41FD-8C03-4DBB9B39D7AD}.Release|Any CPU.Build.0 = Release|Any CPU
	EndGlobalSection
	GlobalSection(SolutionProperties) = preSolution
		HideSolutionNode = FALSE
	EndGlobalSection
	GlobalSection(ExtensibilityGlobals) = postSolution
		SolutionGuid = {6941FC6F-F881-4493-B540-94C5E98A55CD}
	EndGlobalSection
EndGlobal
