
Microsoft Visual Studio Solution File, Format Version 12.00
# Visual Studio Version 16
VisualStudioVersion = 16.0.31321.278
MinimumVisualStudioVersion = 10.0.40219.1
Project("{FAE04EC0-301F-11D3-BF4B-00C04F79EFBC}") = "01.DayOfWeek", "01.DayOfWeek\01.DayOfWeek.csproj", "{F822C317-CA3D-4828-8E03-D15497F71BED}"
EndProject
Project("{FAE04EC0-301F-11D3-BF4B-00C04F79EFBC}") = "02.PrintNumbersInReverseOrder", "02.PrintNumbersInReverseOrder\02.PrintNumbersInReverseOrder.csproj", "{76A5D94E-2CE4-41C7-9EF7-9BBE0764CF56}"
EndProject
Project("{FAE04EC0-301F-11D3-BF4B-00C04F79EFBC}") = "03.RoundingNumbers", "03.RoundingNumbers\03.RoundingNumbers.csproj", "{74D702A8-69B5-4238-90BE-B797EE75866E}"
EndProject
Project("{FAE04EC0-301F-11D3-BF4B-00C04F79EFBC}") = "04.ReverseArrayOfStrings", "04.ReverseArrayOfStrings\04.ReverseArrayOfStrings.csproj", "{6CF53EAA-81BE-4E8F-917D-634436B36833}"
EndProject
Project("{FAE04EC0-301F-11D3-BF4B-00C04F79EFBC}") = "05.SumEvenNumbers", "05.SumEvenNumbers\05.SumEvenNumbers.csproj", "{4B87D083-91FA-4CDA-9651-DBA415102A73}"
EndProject
Project("{FAE04EC0-301F-11D3-BF4B-00C04F79EFBC}") = "06.EvenAndOddSubtraction", "06.EvenAndOddSubtraction\06.EvenAndOddSubtraction.csproj", "{E871D39C-CCAB-4563-B7B1-AA45A87EF37F}"
EndProject
Project("{FAE04EC0-301F-11D3-BF4B-00C04F79EFBC}") = "07.EqualArrays", "07.EqualArrays\07.EqualArrays.csproj", "{8EEDF002-7574-4158-86F2-51CBD00AC3B2}"
EndProject
Project("{FAE04EC0-301F-11D3-BF4B-00C04F79EFBC}") = "08.CondenseArrayToNumber", "08.CondenseArrayToNumber\08.CondenseArrayToNumber.csproj", "{0BF9219D-93FC-47B4-ABA1-EF0075815200}"
EndProject
Global
	GlobalSection(SolutionConfigurationPlatforms) = preSolution
		Debug|Any CPU = Debug|Any CPU
		Release|Any CPU = Release|Any CPU
	EndGlobalSection
	GlobalSection(ProjectConfigurationPlatforms) = postSolution
		{F822C317-CA3D-4828-8E03-D15497F71BED}.Debug|Any CPU.ActiveCfg = Debug|Any CPU
		{F822C317-CA3D-4828-8E03-D15497F71BED}.Debug|Any CPU.Build.0 = Debug|Any CPU
		{F822C317-CA3D-4828-8E03-D15497F71BED}.Release|Any CPU.ActiveCfg = Release|Any CPU
		{F822C317-CA3D-4828-8E03-D15497F71BED}.Release|Any CPU.Build.0 = Release|Any CPU
		{76A5D94E-2CE4-41C7-9EF7-9BBE0764CF56}.Debug|Any CPU.ActiveCfg = Debug|Any CPU
		{76A5D94E-2CE4-41C7-9EF7-9BBE0764CF56}.Debug|Any CPU.Build.0 = Debug|Any CPU
		{76A5D94E-2CE4-41C7-9EF7-9BBE0764CF56}.Release|Any CPU.ActiveCfg = Release|Any CPU
		{76A5D94E-2CE4-41C7-9EF7-9BBE0764CF56}.Release|Any CPU.Build.0 = Release|Any CPU
		{74D702A8-69B5-4238-90BE-B797EE75866E}.Debug|Any CPU.ActiveCfg = Debug|Any CPU
		{74D702A8-69B5-4238-90BE-B797EE75866E}.Debug|Any CPU.Build.0 = Debug|Any CPU
		{74D702A8-69B5-4238-90BE-B797EE75866E}.Release|Any CPU.ActiveCfg = Release|Any CPU
		{74D702A8-69B5-4238-90BE-B797EE75866E}.Release|Any CPU.Build.0 = Release|Any CPU
		{6CF53EAA-81BE-4E8F-917D-634436B36833}.Debug|Any CPU.ActiveCfg = Debug|Any CPU
		{6CF53EAA-81BE-4E8F-917D-634436B36833}.Debug|Any CPU.Build.0 = Debug|Any CPU
		{6CF53EAA-81BE-4E8F-917D-634436B36833}.Release|Any CPU.ActiveCfg = Release|Any CPU
		{6CF53EAA-81BE-4E8F-917D-634436B36833}.Release|Any CPU.Build.0 = Release|Any CPU
		{4B87D083-91FA-4CDA-9651-DBA415102A73}.Debug|Any CPU.ActiveCfg = Debug|Any CPU
		{4B87D083-91FA-4CDA-9651-DBA415102A73}.Debug|Any CPU.Build.0 = Debug|Any CPU
		{4B87D083-91FA-4CDA-9651-DBA415102A73}.Release|Any CPU.ActiveCfg = Release|Any CPU
		{4B87D083-91FA-4CDA-9651-DBA415102A73}.Release|Any CPU.Build.0 = Release|Any CPU
		{E871D39C-CCAB-4563-B7B1-AA45A87EF37F}.Debug|Any CPU.ActiveCfg = Debug|Any CPU
		{E871D39C-CCAB-4563-B7B1-AA45A87EF37F}.Debug|Any CPU.Build.0 = Debug|Any CPU
		{E871D39C-CCAB-4563-B7B1-AA45A87EF37F}.Release|Any CPU.ActiveCfg = Release|Any CPU
		{E871D39C-CCAB-4563-B7B1-AA45A87EF37F}.Release|Any CPU.Build.0 = Release|Any CPU
		{8EEDF002-7574-4158-86F2-51CBD00AC3B2}.Debug|Any CPU.ActiveCfg = Debug|Any CPU
		{8EEDF002-7574-4158-86F2-51CBD00AC3B2}.Debug|Any CPU.Build.0 = Debug|Any CPU
		{8EEDF002-7574-4158-86F2-51CBD00AC3B2}.Release|Any CPU.ActiveCfg = Release|Any CPU
		{8EEDF002-7574-4158-86F2-51CBD00AC3B2}.Release|Any CPU.Build.0 = Release|Any CPU
		{0BF9219D-93FC-47B4-ABA1-EF0075815200}.Debug|Any CPU.ActiveCfg = Debug|Any CPU
		{0BF9219D-93FC-47B4-ABA1-EF0075815200}.Debug|Any CPU.Build.0 = Debug|Any CPU
		{0BF9219D-93FC-47B4-ABA1-EF0075815200}.Release|Any CPU.ActiveCfg = Release|Any CPU
		{0BF9219D-93FC-47B4-ABA1-EF0075815200}.Release|Any CPU.Build.0 = Release|Any CPU
	EndGlobalSection
	GlobalSection(SolutionProperties) = preSolution
		HideSolutionNode = FALSE
	EndGlobalSection
	GlobalSection(ExtensibilityGlobals) = postSolution
		SolutionGuid = {A114A66C-8464-4C85-B1F3-4675466F3EE5}
	EndGlobalSection
EndGlobal
