
Microsoft Visual Studio Solution File, Format Version 12.00
# Visual Studio Version 16
VisualStudioVersion = 16.0.31727.386
MinimumVisualStudioVersion = 10.0.40219.1
Project("{9A19103F-16F7-4668-BE54-9A1E7A4F7556}") = "01.SmallestОfThreeNumbers", "01.SmallestОfThreeNumbers\01.SmallestОfThreeNumbers.csproj", "{A16B734A-8B9B-4747-BA6F-FF36AF90E02E}"
EndProject
Project("{9A19103F-16F7-4668-BE54-9A1E7A4F7556}") = "02.VowelsCount", "02.VowelsCount\02.VowelsCount.csproj", "{77D7E2FA-05E0-4C8A-9545-6544CB1216B2}"
EndProject
Project("{9A19103F-16F7-4668-BE54-9A1E7A4F7556}") = "03.CharactersInRange", "03.CharactersInRange\03.CharactersInRange.csproj", "{D2096972-FDE7-460C-8113-5EE72945AA6B}"
EndProject
Project("{9A19103F-16F7-4668-BE54-9A1E7A4F7556}") = "04.PasswordValidator", "04.PasswordValidator\04.PasswordValidator.csproj", "{93FD7000-C062-45BB-879B-489DD7354FF8}"
EndProject
Project("{9A19103F-16F7-4668-BE54-9A1E7A4F7556}") = "05.AddAndSubtract", "05.AddAndSubtract\05.AddAndSubtract.csproj", "{5F0AE0DD-252B-47A3-83DD-265AEAB316AE}"
EndProject
Project("{9A19103F-16F7-4668-BE54-9A1E7A4F7556}") = "06.MiddleCharacters", "06.MiddleCharacters\06.MiddleCharacters.csproj", "{812FFD90-BF67-404B-B8EA-E75E566F470E}"
EndProject
Project("{9A19103F-16F7-4668-BE54-9A1E7A4F7556}") = "07.NxNMatrix", "07.NxNMatrix\07.NxNMatrix.csproj", "{5E6FDEEE-1C65-4199-8896-65E7076DD825}"
EndProject
Project("{9A19103F-16F7-4668-BE54-9A1E7A4F7556}") = "08.FactorialDivision", "08.FactorialDivision\08.FactorialDivision.csproj", "{9B52FF05-AACD-428F-845A-FB6435C883EE}"
EndProject
Project("{FAE04EC0-301F-11D3-BF4B-00C04F79EFBC}") = "09.PalindromeIntegers", "09.PalindromeIntegers\09.PalindromeIntegers.csproj", "{76493DEF-8436-4D3C-88B8-D0C667BDC62F}"
EndProject
Project("{FAE04EC0-301F-11D3-BF4B-00C04F79EFBC}") = "10.TopNumber", "10.TopNumber\10.TopNumber.csproj", "{27D08474-C061-4821-A415-88E84354A9F3}"
EndProject
Project("{FAE04EC0-301F-11D3-BF4B-00C04F79EFBC}") = "11.ArrayManipulator", "11.ArrayManipulator\11.ArrayManipulator.csproj", "{09F5C0B3-FD00-4834-A335-242B3E61709E}"
EndProject
Global
	GlobalSection(SolutionConfigurationPlatforms) = preSolution
		Debug|Any CPU = Debug|Any CPU
		Release|Any CPU = Release|Any CPU
	EndGlobalSection
	GlobalSection(ProjectConfigurationPlatforms) = postSolution
		{A16B734A-8B9B-4747-BA6F-FF36AF90E02E}.Debug|Any CPU.ActiveCfg = Debug|Any CPU
		{A16B734A-8B9B-4747-BA6F-FF36AF90E02E}.Debug|Any CPU.Build.0 = Debug|Any CPU
		{A16B734A-8B9B-4747-BA6F-FF36AF90E02E}.Release|Any CPU.ActiveCfg = Release|Any CPU
		{A16B734A-8B9B-4747-BA6F-FF36AF90E02E}.Release|Any CPU.Build.0 = Release|Any CPU
		{77D7E2FA-05E0-4C8A-9545-6544CB1216B2}.Debug|Any CPU.ActiveCfg = Debug|Any CPU
		{77D7E2FA-05E0-4C8A-9545-6544CB1216B2}.Debug|Any CPU.Build.0 = Debug|Any CPU
		{77D7E2FA-05E0-4C8A-9545-6544CB1216B2}.Release|Any CPU.ActiveCfg = Release|Any CPU
		{77D7E2FA-05E0-4C8A-9545-6544CB1216B2}.Release|Any CPU.Build.0 = Release|Any CPU
		{D2096972-FDE7-460C-8113-5EE72945AA6B}.Debug|Any CPU.ActiveCfg = Debug|Any CPU
		{D2096972-FDE7-460C-8113-5EE72945AA6B}.Debug|Any CPU.Build.0 = Debug|Any CPU
		{D2096972-FDE7-460C-8113-5EE72945AA6B}.Release|Any CPU.ActiveCfg = Release|Any CPU
		{D2096972-FDE7-460C-8113-5EE72945AA6B}.Release|Any CPU.Build.0 = Release|Any CPU
		{93FD7000-C062-45BB-879B-489DD7354FF8}.Debug|Any CPU.ActiveCfg = Debug|Any CPU
		{93FD7000-C062-45BB-879B-489DD7354FF8}.Debug|Any CPU.Build.0 = Debug|Any CPU
		{93FD7000-C062-45BB-879B-489DD7354FF8}.Release|Any CPU.ActiveCfg = Release|Any CPU
		{93FD7000-C062-45BB-879B-489DD7354FF8}.Release|Any CPU.Build.0 = Release|Any CPU
		{5F0AE0DD-252B-47A3-83DD-265AEAB316AE}.Debug|Any CPU.ActiveCfg = Debug|Any CPU
		{5F0AE0DD-252B-47A3-83DD-265AEAB316AE}.Debug|Any CPU.Build.0 = Debug|Any CPU
		{5F0AE0DD-252B-47A3-83DD-265AEAB316AE}.Release|Any CPU.ActiveCfg = Release|Any CPU
		{5F0AE0DD-252B-47A3-83DD-265AEAB316AE}.Release|Any CPU.Build.0 = Release|Any CPU
		{812FFD90-BF67-404B-B8EA-E75E566F470E}.Debug|Any CPU.ActiveCfg = Debug|Any CPU
		{812FFD90-BF67-404B-B8EA-E75E566F470E}.Debug|Any CPU.Build.0 = Debug|Any CPU
		{812FFD90-BF67-404B-B8EA-E75E566F470E}.Release|Any CPU.ActiveCfg = Release|Any CPU
		{812FFD90-BF67-404B-B8EA-E75E566F470E}.Release|Any CPU.Build.0 = Release|Any CPU
		{5E6FDEEE-1C65-4199-8896-65E7076DD825}.Debug|Any CPU.ActiveCfg = Debug|Any CPU
		{5E6FDEEE-1C65-4199-8896-65E7076DD825}.Debug|Any CPU.Build.0 = Debug|Any CPU
		{5E6FDEEE-1C65-4199-8896-65E7076DD825}.Release|Any CPU.ActiveCfg = Release|Any CPU
		{5E6FDEEE-1C65-4199-8896-65E7076DD825}.Release|Any CPU.Build.0 = Release|Any CPU
		{9B52FF05-AACD-428F-845A-FB6435C883EE}.Debug|Any CPU.ActiveCfg = Debug|Any CPU
		{9B52FF05-AACD-428F-845A-FB6435C883EE}.Debug|Any CPU.Build.0 = Debug|Any CPU
		{9B52FF05-AACD-428F-845A-FB6435C883EE}.Release|Any CPU.ActiveCfg = Release|Any CPU
		{9B52FF05-AACD-428F-845A-FB6435C883EE}.Release|Any CPU.Build.0 = Release|Any CPU
		{76493DEF-8436-4D3C-88B8-D0C667BDC62F}.Debug|Any CPU.ActiveCfg = Debug|Any CPU
		{76493DEF-8436-4D3C-88B8-D0C667BDC62F}.Debug|Any CPU.Build.0 = Debug|Any CPU
		{76493DEF-8436-4D3C-88B8-D0C667BDC62F}.Release|Any CPU.ActiveCfg = Release|Any CPU
		{76493DEF-8436-4D3C-88B8-D0C667BDC62F}.Release|Any CPU.Build.0 = Release|Any CPU
		{27D08474-C061-4821-A415-88E84354A9F3}.Debug|Any CPU.ActiveCfg = Debug|Any CPU
		{27D08474-C061-4821-A415-88E84354A9F3}.Debug|Any CPU.Build.0 = Debug|Any CPU
		{27D08474-C061-4821-A415-88E84354A9F3}.Release|Any CPU.ActiveCfg = Release|Any CPU
		{27D08474-C061-4821-A415-88E84354A9F3}.Release|Any CPU.Build.0 = Release|Any CPU
		{09F5C0B3-FD00-4834-A335-242B3E61709E}.Debug|Any CPU.ActiveCfg = Debug|Any CPU
		{09F5C0B3-FD00-4834-A335-242B3E61709E}.Debug|Any CPU.Build.0 = Debug|Any CPU
		{09F5C0B3-FD00-4834-A335-242B3E61709E}.Release|Any CPU.ActiveCfg = Release|Any CPU
		{09F5C0B3-FD00-4834-A335-242B3E61709E}.Release|Any CPU.Build.0 = Release|Any CPU
	EndGlobalSection
	GlobalSection(SolutionProperties) = preSolution
		HideSolutionNode = FALSE
	EndGlobalSection
	GlobalSection(ExtensibilityGlobals) = postSolution
		SolutionGuid = {52CB4A8C-0F82-4D73-BE00-2787A50749E5}
	EndGlobalSection
EndGlobal
